
Microsoft Visual Studio Solution File, Format Version 12.00
Project("{2150E333-8FDC-42A3-9474-1A3956D46DE8}") = "Solution Items", "Solution Items", "{25B8BF3B-A0F5-4646-9370-45104D6F35F0}"
	ProjectSection(SolutionItems) = preProject
		.dockerignore = .dockerignore
		compose.yaml = compose.yaml
		global.json = global.json
	EndProjectSection
EndProject
Project("{2150E333-8FDC-42A3-9474-1A3956D46DE8}") = "gateway", "gateway", "{9F1F8D87-BD1A-47EC-8F66-F292A5A67B11}"
	ProjectSection(SolutionItems) = preProject
		gateway\nginx.conf = gateway\nginx.conf
	EndProjectSection
EndProject
Project("{2150E333-8FDC-42A3-9474-1A3956D46DE8}") = "src", "src", "{B7CC73B5-3C9C-404A-88E4-F803A1A1457F}"
EndProject
Project("{FAE04EC0-301F-11D3-BF4B-00C04F79EFBC}") = "SocialHub.Post.Domain", "src\SocialHub.Post.Domain\SocialHub.Post.Domain.csproj", "{F2579C1F-C19E-414C-8B9E-421178AFB2EF}"
EndProject
Project("{FAE04EC0-301F-11D3-BF4B-00C04F79EFBC}") = "SocialHub.Post.Application", "src\SocialHub.Post.Application\SocialHub.Post.Application.csproj", "{DBC4E43C-C014-44E0-A641-5DBB133EAD4A}"
EndProject
Project("{FAE04EC0-301F-11D3-BF4B-00C04F79EFBC}") = "SocialHub.Post.Infrastructure", "src\SocialHub.Post.Infrastructure\SocialHub.Post.Infrastructure.csproj", "{2CA9FAF0-F475-43D1-9227-0D69F885C7F0}"
EndProject
Project("{FAE04EC0-301F-11D3-BF4B-00C04F79EFBC}") = "SocialHub.Post.Api", "src\SocialHub.Post.Api\SocialHub.Post.Api.csproj", "{3E838DE3-AB8F-414D-A569-D0B7733E96CD}"
EndProject
Project("{2150E333-8FDC-42A3-9474-1A3956D46DE8}") = "tests", "tests", "{0AB3BF05-4346-4AA6-1389-037BE0695223}"
EndProject
Project("{FAE04EC0-301F-11D3-BF4B-00C04F79EFBC}") = "SocialHub.Post.Application.Tests", "tests\SocialHub.Post.Application.Tests\SocialHub.Post.Application.Tests.csproj", "{0667B6B0-4B99-4EAC-AEFA-33942D80C4A2}"
EndProject
Global
	GlobalSection(SolutionConfigurationPlatforms) = preSolution
		Debug|Any CPU = Debug|Any CPU
		Debug|x64 = Debug|x64
		Debug|x86 = Debug|x86
		Release|Any CPU = Release|Any CPU
		Release|x64 = Release|x64
		Release|x86 = Release|x86
	EndGlobalSection
	GlobalSection(ProjectConfigurationPlatforms) = postSolution
		{F2579C1F-C19E-414C-8B9E-421178AFB2EF}.Debug|Any CPU.ActiveCfg = Debug|Any CPU
		{F2579C1F-C19E-414C-8B9E-421178AFB2EF}.Debug|Any CPU.Build.0 = Debug|Any CPU
		{F2579C1F-C19E-414C-8B9E-421178AFB2EF}.Debug|x64.ActiveCfg = Debug|Any CPU
		{F2579C1F-C19E-414C-8B9E-421178AFB2EF}.Debug|x64.Build.0 = Debug|Any CPU
		{F2579C1F-C19E-414C-8B9E-421178AFB2EF}.Debug|x86.ActiveCfg = Debug|Any CPU
		{F2579C1F-C19E-414C-8B9E-421178AFB2EF}.Debug|x86.Build.0 = Debug|Any CPU
		{F2579C1F-C19E-414C-8B9E-421178AFB2EF}.Release|Any CPU.ActiveCfg = Release|Any CPU
		{F2579C1F-C19E-414C-8B9E-421178AFB2EF}.Release|Any CPU.Build.0 = Release|Any CPU
		{F2579C1F-C19E-414C-8B9E-421178AFB2EF}.Release|x64.ActiveCfg = Release|Any CPU
		{F2579C1F-C19E-414C-8B9E-421178AFB2EF}.Release|x64.Build.0 = Release|Any CPU
		{F2579C1F-C19E-414C-8B9E-421178AFB2EF}.Release|x86.ActiveCfg = Release|Any CPU
		{F2579C1F-C19E-414C-8B9E-421178AFB2EF}.Release|x86.Build.0 = Release|Any CPU
		{DBC4E43C-C014-44E0-A641-5DBB133EAD4A}.Debug|Any CPU.ActiveCfg = Debug|Any CPU
		{DBC4E43C-C014-44E0-A641-5DBB133EAD4A}.Debug|Any CPU.Build.0 = Debug|Any CPU
		{DBC4E43C-C014-44E0-A641-5DBB133EAD4A}.Debug|x64.ActiveCfg = Debug|Any CPU
		{DBC4E43C-C014-44E0-A641-5DBB133EAD4A}.Debug|x64.Build.0 = Debug|Any CPU
		{DBC4E43C-C014-44E0-A641-5DBB133EAD4A}.Debug|x86.ActiveCfg = Debug|Any CPU
		{DBC4E43C-C014-44E0-A641-5DBB133EAD4A}.Debug|x86.Build.0 = Debug|Any CPU
		{DBC4E43C-C014-44E0-A641-5DBB133EAD4A}.Release|Any CPU.ActiveCfg = Release|Any CPU
		{DBC4E43C-C014-44E0-A641-5DBB133EAD4A}.Release|Any CPU.Build.0 = Release|Any CPU
		{DBC4E43C-C014-44E0-A641-5DBB133EAD4A}.Release|x64.ActiveCfg = Release|Any CPU
		{DBC4E43C-C014-44E0-A641-5DBB133EAD4A}.Release|x64.Build.0 = Release|Any CPU
		{DBC4E43C-C014-44E0-A641-5DBB133EAD4A}.Release|x86.ActiveCfg = Release|Any CPU
		{DBC4E43C-C014-44E0-A641-5DBB133EAD4A}.Release|x86.Build.0 = Release|Any CPU
		{2CA9FAF0-F475-43D1-9227-0D69F885C7F0}.Debug|Any CPU.ActiveCfg = Debug|Any CPU
		{2CA9FAF0-F475-43D1-9227-0D69F885C7F0}.Debug|Any CPU.Build.0 = Debug|Any CPU
		{2CA9FAF0-F475-43D1-9227-0D69F885C7F0}.Debug|x64.ActiveCfg = Debug|Any CPU
		{2CA9FAF0-F475-43D1-9227-0D69F885C7F0}.Debug|x64.Build.0 = Debug|Any CPU
		{2CA9FAF0-F475-43D1-9227-0D69F885C7F0}.Debug|x86.ActiveCfg = Debug|Any CPU
		{2CA9FAF0-F475-43D1-9227-0D69F885C7F0}.Debug|x86.Build.0 = Debug|Any CPU
		{2CA9FAF0-F475-43D1-9227-0D69F885C7F0}.Release|Any CPU.ActiveCfg = Release|Any CPU
		{2CA9FAF0-F475-43D1-9227-0D69F885C7F0}.Release|Any CPU.Build.0 = Release|Any CPU
		{2CA9FAF0-F475-43D1-9227-0D69F885C7F0}.Release|x64.ActiveCfg = Release|Any CPU
		{2CA9FAF0-F475-43D1-9227-0D69F885C7F0}.Release|x64.Build.0 = Release|Any CPU
		{2CA9FAF0-F475-43D1-9227-0D69F885C7F0}.Release|x86.ActiveCfg = Release|Any CPU
		{2CA9FAF0-F475-43D1-9227-0D69F885C7F0}.Release|x86.Build.0 = Release|Any CPU
		{3E838DE3-AB8F-414D-A569-D0B7733E96CD}.Debug|Any CPU.ActiveCfg = Debug|Any CPU
		{3E838DE3-AB8F-414D-A569-D0B7733E96CD}.Debug|Any CPU.Build.0 = Debug|Any CPU
		{3E838DE3-AB8F-414D-A569-D0B7733E96CD}.Debug|x64.ActiveCfg = Debug|Any CPU
		{3E838DE3-AB8F-414D-A569-D0B7733E96CD}.Debug|x64.Build.0 = Debug|Any CPU
		{3E838DE3-AB8F-414D-A569-D0B7733E96CD}.Debug|x86.ActiveCfg = Debug|Any CPU
		{3E838DE3-AB8F-414D-A569-D0B7733E96CD}.Debug|x86.Build.0 = Debug|Any CPU
		{3E838DE3-AB8F-414D-A569-D0B7733E96CD}.Release|Any CPU.ActiveCfg = Release|Any CPU
		{3E838DE3-AB8F-414D-A569-D0B7733E96CD}.Release|Any CPU.Build.0 = Release|Any CPU
		{3E838DE3-AB8F-414D-A569-D0B7733E96CD}.Release|x64.ActiveCfg = Release|Any CPU
		{3E838DE3-AB8F-414D-A569-D0B7733E96CD}.Release|x64.Build.0 = Release|Any CPU
		{3E838DE3-AB8F-414D-A569-D0B7733E96CD}.Release|x86.ActiveCfg = Release|Any CPU
		{3E838DE3-AB8F-414D-A569-D0B7733E96CD}.Release|x86.Build.0 = Release|Any CPU
		{0667B6B0-4B99-4EAC-AEFA-33942D80C4A2}.Debug|Any CPU.ActiveCfg = Debug|Any CPU
		{0667B6B0-4B99-4EAC-AEFA-33942D80C4A2}.Debug|Any CPU.Build.0 = Debug|Any CPU
		{0667B6B0-4B99-4EAC-AEFA-33942D80C4A2}.Debug|x64.ActiveCfg = Debug|Any CPU
		{0667B6B0-4B99-4EAC-AEFA-33942D80C4A2}.Debug|x64.Build.0 = Debug|Any CPU
		{0667B6B0-4B99-4EAC-AEFA-33942D80C4A2}.Debug|x86.ActiveCfg = Debug|Any CPU
		{0667B6B0-4B99-4EAC-AEFA-33942D80C4A2}.Debug|x86.Build.0 = Debug|Any CPU
		{0667B6B0-4B99-4EAC-AEFA-33942D80C4A2}.Release|Any CPU.ActiveCfg = Release|Any CPU
		{0667B6B0-4B99-4EAC-AEFA-33942D80C4A2}.Release|Any CPU.Build.0 = Release|Any CPU
		{0667B6B0-4B99-4EAC-AEFA-33942D80C4A2}.Release|x64.ActiveCfg = Release|Any CPU
		{0667B6B0-4B99-4EAC-AEFA-33942D80C4A2}.Release|x64.Build.0 = Release|Any CPU
		{0667B6B0-4B99-4EAC-AEFA-33942D80C4A2}.Release|x86.ActiveCfg = Release|Any CPU
		{0667B6B0-4B99-4EAC-AEFA-33942D80C4A2}.Release|x86.Build.0 = Release|Any CPU
	EndGlobalSection
	GlobalSection(SolutionProperties) = preSolution
		HideSolutionNode = FALSE
	EndGlobalSection
	GlobalSection(NestedProjects) = preSolution
		{F2579C1F-C19E-414C-8B9E-421178AFB2EF} = {B7CC73B5-3C9C-404A-88E4-F803A1A1457F}
		{DBC4E43C-C014-44E0-A641-5DBB133EAD4A} = {B7CC73B5-3C9C-404A-88E4-F803A1A1457F}
		{2CA9FAF0-F475-43D1-9227-0D69F885C7F0} = {B7CC73B5-3C9C-404A-88E4-F803A1A1457F}
		{3E838DE3-AB8F-414D-A569-D0B7733E96CD} = {B7CC73B5-3C9C-404A-88E4-F803A1A1457F}
		{0667B6B0-4B99-4EAC-AEFA-33942D80C4A2} = {0AB3BF05-4346-4AA6-1389-037BE0695223}
	EndGlobalSection
EndGlobal
